{
    "compile": {
        "org.jetbrains.kotlin:kotlin-stdlib": {
            "locked": "1.2.21",
            "transitive": [
                "org.jetbrains.kotlinx:kotlinx-coroutines-core",
                "org.jetbrains.kotlinx:kotlinx-coroutines-jdk8",
                "org.jetbrains.kotlinx:kotlinx-coroutines-nio"
            ]
        },
        "org.jetbrains.kotlinx:kotlinx-coroutines-core": {
            "locked": "0.22.3",
            "requested": "0.22.3",
            "transitive": [
                "org.jetbrains.kotlinx:kotlinx-coroutines-jdk8",
                "org.jetbrains.kotlinx:kotlinx-coroutines-nio"
            ]
        },
        "org.jetbrains.kotlinx:kotlinx-coroutines-jdk8": {
            "locked": "0.22.3",
            "requested": "0.22.3"
        },
        "org.jetbrains.kotlinx:kotlinx-coroutines-nio": {
            "locked": "0.22.3",
            "requested": "0.22.3"
        },
        "org.jetbrains:annotations": {
            "locked": "13.0",
            "transitive": [
                "org.jetbrains.kotlin:kotlin-stdlib"
            ]
        },
        "org.joml:joml": {
            "locked": "1.9.8",
            "requested": "1.9.8"
        },
        "org.lwjgl:lwjgl": {
            "locked": "3.1.6",
            "requested": "3.1.6",
            "transitive": [
                "org.lwjgl:lwjgl-glfw",
                "org.lwjgl:lwjgl-nanovg",
                "org.lwjgl:lwjgl-nfd",
                "org.lwjgl:lwjgl-opengl"
            ]
        },
        "org.lwjgl:lwjgl-glfw": {
            "locked": "3.1.6",
            "requested": "3.1.6"
        },
        "org.lwjgl:lwjgl-nanovg": {
            "locked": "3.1.6",
            "requested": "3.1.6"
        },
        "org.lwjgl:lwjgl-nfd": {
            "locked": "3.1.6",
            "requested": "3.1.6"
        },
        "org.lwjgl:lwjgl-opengl": {
            "locked": "3.1.6",
            "requested": "3.1.6"
        }
    },
    "compileClasspath": {
        "org.jetbrains.kotlin:kotlin-stdlib": {
            "locked": "1.2.21",
            "transitive": [
                "org.jetbrains.kotlinx:kotlinx-coroutines-core",
                "org.jetbrains.kotlinx:kotlinx-coroutines-jdk8",
                "org.jetbrains.kotlinx:kotlinx-coroutines-nio"
            ]
        },
        "org.jetbrains.kotlinx:kotlinx-coroutines-core": {
            "locked": "0.22.3",
            "requested": "0.22.3",
            "transitive": [
                "org.jetbrains.kotlinx:kotlinx-coroutines-jdk8",
                "org.jetbrains.kotlinx:kotlinx-coroutines-nio"
            ]
        },
        "org.jetbrains.kotlinx:kotlinx-coroutines-jdk8": {
            "locked": "0.22.3",
            "requested": "0.22.3"
        },
        "org.jetbrains.kotlinx:kotlinx-coroutines-nio": {
            "locked": "0.22.3",
            "requested": "0.22.3"
        },
        "org.jetbrains:annotations": {
            "locked": "13.0",
            "transitive": [
                "org.jetbrains.kotlin:kotlin-stdlib"
            ]
        },
        "org.joml:joml": {
            "locked": "1.9.8",
            "requested": "1.9.8"
        },
        "org.lwjgl:lwjgl": {
            "locked": "3.1.6",
            "requested": "3.1.6",
            "transitive": [
                "org.lwjgl:lwjgl-glfw",
                "org.lwjgl:lwjgl-nanovg",
                "org.lwjgl:lwjgl-nfd",
                "org.lwjgl:lwjgl-opengl"
            ]
        },
        "org.lwjgl:lwjgl-glfw": {
            "locked": "3.1.6",
            "requested": "3.1.6"
        },
        "org.lwjgl:lwjgl-nanovg": {
            "locked": "3.1.6",
            "requested": "3.1.6"
        },
        "org.lwjgl:lwjgl-nfd": {
            "locked": "3.1.6",
            "requested": "3.1.6"
        },
        "org.lwjgl:lwjgl-opengl": {
            "locked": "3.1.6",
            "requested": "3.1.6"
        }
    },
    "default": {
        "org.jetbrains.kotlin:kotlin-stdlib": {
            "locked": "1.2.21",
            "transitive": [
                "org.jetbrains.kotlinx:kotlinx-coroutines-core",
                "org.jetbrains.kotlinx:kotlinx-coroutines-jdk8",
                "org.jetbrains.kotlinx:kotlinx-coroutines-nio"
            ]
        },
        "org.jetbrains.kotlinx:kotlinx-coroutines-core": {
            "locked": "0.22.3",
            "requested": "0.22.3",
            "transitive": [
                "org.jetbrains.kotlinx:kotlinx-coroutines-jdk8",
                "org.jetbrains.kotlinx:kotlinx-coroutines-nio"
            ]
        },
        "org.jetbrains.kotlinx:kotlinx-coroutines-jdk8": {
            "locked": "0.22.3",
            "requested": "0.22.3"
        },
        "org.jetbrains.kotlinx:kotlinx-coroutines-nio": {
            "locked": "0.22.3",
            "requested": "0.22.3"
        },
        "org.jetbrains:annotations": {
            "locked": "13.0",
            "transitive": [
                "org.jetbrains.kotlin:kotlin-stdlib"
            ]
        },
        "org.joml:joml": {
            "locked": "1.9.8",
            "requested": "1.9.8"
        },
        "org.lwjgl:lwjgl": {
            "locked": "3.1.6",
            "requested": "3.1.6",
            "transitive": [
                "org.lwjgl:lwjgl-glfw",
                "org.lwjgl:lwjgl-nanovg",
                "org.lwjgl:lwjgl-nfd",
                "org.lwjgl:lwjgl-opengl"
            ]
        },
        "org.lwjgl:lwjgl-glfw": {
            "locked": "3.1.6",
            "requested": "3.1.6"
        },
        "org.lwjgl:lwjgl-nanovg": {
            "locked": "3.1.6",
            "requested": "3.1.6"
        },
        "org.lwjgl:lwjgl-nfd": {
            "locked": "3.1.6",
            "requested": "3.1.6"
        },
        "org.lwjgl:lwjgl-opengl": {
            "locked": "3.1.6",
            "requested": "3.1.6"
        }
    },
    "kapt": {
        "org.jetbrains.kotlin:kotlin-annotation-processing-gradle": {
            "locked": "1.2.21",
            "requested": "1.2.21"
        },
        "org.jetbrains.kotlin:kotlin-compiler-embeddable": {
            "locked": "1.2.21",
            "transitive": [
                "org.jetbrains.kotlin:kotlin-annotation-processing-gradle"
            ]
        },
        "org.jetbrains.kotlin:kotlin-reflect": {
            "locked": "1.2.21",
            "transitive": [
                "org.jetbrains.kotlin:kotlin-compiler-embeddable"
            ]
        },
        "org.jetbrains.kotlin:kotlin-script-runtime": {
            "locked": "1.2.21",
            "transitive": [
                "org.jetbrains.kotlin:kotlin-compiler-embeddable"
            ]
        },
        "org.jetbrains.kotlin:kotlin-stdlib": {
            "locked": "1.2.21",
            "transitive": [
                "org.jetbrains.kotlin:kotlin-annotation-processing-gradle",
                "org.jetbrains.kotlin:kotlin-compiler-embeddable",
                "org.jetbrains.kotlin:kotlin-reflect"
            ]
        },
        "org.jetbrains:annotations": {
            "locked": "13.0",
            "transitive": [
                "org.jetbrains.kotlin:kotlin-stdlib"
            ]
        }
    },
    "kaptTest": {
        "org.jetbrains.kotlin:kotlin-annotation-processing-gradle": {
            "locked": "1.2.21",
            "requested": "1.2.21"
        },
        "org.jetbrains.kotlin:kotlin-compiler-embeddable": {
            "locked": "1.2.21",
            "transitive": [
                "org.jetbrains.kotlin:kotlin-annotation-processing-gradle"
            ]
        },
        "org.jetbrains.kotlin:kotlin-reflect": {
            "locked": "1.2.21",
            "transitive": [
                "org.jetbrains.kotlin:kotlin-compiler-embeddable"
            ]
        },
        "org.jetbrains.kotlin:kotlin-script-runtime": {
            "locked": "1.2.21",
            "transitive": [
                "org.jetbrains.kotlin:kotlin-compiler-embeddable"
            ]
        },
        "org.jetbrains.kotlin:kotlin-stdlib": {
            "locked": "1.2.21",
            "transitive": [
                "org.jetbrains.kotlin:kotlin-annotation-processing-gradle",
                "org.jetbrains.kotlin:kotlin-compiler-embeddable",
                "org.jetbrains.kotlin:kotlin-reflect"
            ]
        },
        "org.jetbrains:annotations": {
            "locked": "13.0",
            "transitive": [
                "org.jetbrains.kotlin:kotlin-stdlib"
            ]
        }
    },
    "resolutionRules": {
        "com.netflix.nebula:gradle-resolution-rules": {
            "locked": "0.52.0",
            "requested": "latest.release"
        }
    },
    "runtime": {
        "org.jetbrains.kotlin:kotlin-stdlib": {
            "locked": "1.2.21",
            "transitive": [
                "org.jetbrains.kotlinx:kotlinx-coroutines-core",
                "org.jetbrains.kotlinx:kotlinx-coroutines-jdk8",
                "org.jetbrains.kotlinx:kotlinx-coroutines-nio"
            ]
        },
        "org.jetbrains.kotlinx:kotlinx-coroutines-core": {
            "locked": "0.22.3",
            "requested": "0.22.3",
            "transitive": [
                "org.jetbrains.kotlinx:kotlinx-coroutines-jdk8",
                "org.jetbrains.kotlinx:kotlinx-coroutines-nio"
            ]
        },
        "org.jetbrains.kotlinx:kotlinx-coroutines-jdk8": {
            "locked": "0.22.3",
            "requested": "0.22.3"
        },
        "org.jetbrains.kotlinx:kotlinx-coroutines-nio": {
            "locked": "0.22.3",
            "requested": "0.22.3"
        },
        "org.jetbrains:annotations": {
            "locked": "13.0",
            "transitive": [
                "org.jetbrains.kotlin:kotlin-stdlib"
            ]
        },
        "org.joml:joml": {
            "locked": "1.9.8",
            "requested": "1.9.8"
        },
        "org.lwjgl:lwjgl": {
            "locked": "3.1.6",
            "requested": "3.1.6",
            "transitive": [
                "org.lwjgl:lwjgl-glfw",
                "org.lwjgl:lwjgl-nanovg",
                "org.lwjgl:lwjgl-nfd",
                "org.lwjgl:lwjgl-opengl"
            ]
        },
        "org.lwjgl:lwjgl-glfw": {
            "locked": "3.1.6",
            "requested": "3.1.6"
        },
        "org.lwjgl:lwjgl-nanovg": {
            "locked": "3.1.6",
            "requested": "3.1.6"
        },
        "org.lwjgl:lwjgl-nfd": {
            "locked": "3.1.6",
            "requested": "3.1.6"
        },
        "org.lwjgl:lwjgl-opengl": {
            "locked": "3.1.6",
            "requested": "3.1.6"
        }
    },
    "runtimeClasspath": {
        "org.jetbrains.kotlin:kotlin-stdlib": {
            "locked": "1.2.21",
            "transitive": [
                "org.jetbrains.kotlinx:kotlinx-coroutines-core",
                "org.jetbrains.kotlinx:kotlinx-coroutines-jdk8",
                "org.jetbrains.kotlinx:kotlinx-coroutines-nio"
            ]
        },
        "org.jetbrains.kotlinx:kotlinx-coroutines-core": {
            "locked": "0.22.3",
            "requested": "0.22.3",
            "transitive": [
                "org.jetbrains.kotlinx:kotlinx-coroutines-jdk8",
                "org.jetbrains.kotlinx:kotlinx-coroutines-nio"
            ]
        },
        "org.jetbrains.kotlinx:kotlinx-coroutines-jdk8": {
            "locked": "0.22.3",
            "requested": "0.22.3"
        },
        "org.jetbrains.kotlinx:kotlinx-coroutines-nio": {
            "locked": "0.22.3",
            "requested": "0.22.3"
        },
        "org.jetbrains:annotations": {
            "locked": "13.0",
            "transitive": [
                "org.jetbrains.kotlin:kotlin-stdlib"
            ]
        },
        "org.joml:joml": {
            "locked": "1.9.8",
            "requested": "1.9.8"
        },
        "org.lwjgl:lwjgl": {
            "locked": "3.1.6",
            "requested": "3.1.6",
            "transitive": [
                "org.lwjgl:lwjgl-glfw",
                "org.lwjgl:lwjgl-nanovg",
                "org.lwjgl:lwjgl-nfd",
                "org.lwjgl:lwjgl-opengl"
            ]
        },
        "org.lwjgl:lwjgl-glfw": {
            "locked": "3.1.6",
            "requested": "3.1.6"
        },
        "org.lwjgl:lwjgl-nanovg": {
            "locked": "3.1.6",
            "requested": "3.1.6"
        },
        "org.lwjgl:lwjgl-nfd": {
            "locked": "3.1.6",
            "requested": "3.1.6"
        },
        "org.lwjgl:lwjgl-opengl": {
            "locked": "3.1.6",
            "requested": "3.1.6"
        }
    },
    "testCompile": {
        "org.jetbrains.kotlin:kotlin-stdlib": {
            "locked": "1.2.21",
            "transitive": [
                "org.jetbrains.kotlinx:kotlinx-coroutines-core",
                "org.jetbrains.kotlinx:kotlinx-coroutines-jdk8",
                "org.jetbrains.kotlinx:kotlinx-coroutines-nio"
            ]
        },
        "org.jetbrains.kotlinx:kotlinx-coroutines-core": {
            "locked": "0.22.3",
            "requested": "0.22.3",
            "transitive": [
                "org.jetbrains.kotlinx:kotlinx-coroutines-jdk8",
                "org.jetbrains.kotlinx:kotlinx-coroutines-nio"
            ]
        },
        "org.jetbrains.kotlinx:kotlinx-coroutines-jdk8": {
            "locked": "0.22.3",
            "requested": "0.22.3"
        },
        "org.jetbrains.kotlinx:kotlinx-coroutines-nio": {
            "locked": "0.22.3",
            "requested": "0.22.3"
        },
        "org.jetbrains:annotations": {
            "locked": "13.0",
            "transitive": [
                "org.jetbrains.kotlin:kotlin-stdlib"
            ]
        },
        "org.joml:joml": {
            "locked": "1.9.8",
            "requested": "1.9.8"
        },
        "org.lwjgl:lwjgl": {
            "locked": "3.1.6",
            "requested": "3.1.6",
            "transitive": [
                "org.lwjgl:lwjgl-glfw",
                "org.lwjgl:lwjgl-nanovg",
                "org.lwjgl:lwjgl-nfd",
                "org.lwjgl:lwjgl-opengl"
            ]
        },
        "org.lwjgl:lwjgl-glfw": {
            "locked": "3.1.6",
            "requested": "3.1.6"
        },
        "org.lwjgl:lwjgl-nanovg": {
            "locked": "3.1.6",
            "requested": "3.1.6"
        },
        "org.lwjgl:lwjgl-nfd": {
            "locked": "3.1.6",
            "requested": "3.1.6"
        },
        "org.lwjgl:lwjgl-opengl": {
            "locked": "3.1.6",
            "requested": "3.1.6"
        }
    },
    "testCompileClasspath": {
        "org.jetbrains.kotlin:kotlin-stdlib": {
            "locked": "1.2.21",
            "transitive": [
                "org.jetbrains.kotlinx:kotlinx-coroutines-core",
                "org.jetbrains.kotlinx:kotlinx-coroutines-jdk8",
                "org.jetbrains.kotlinx:kotlinx-coroutines-nio"
            ]
        },
        "org.jetbrains.kotlinx:kotlinx-coroutines-core": {
            "locked": "0.22.3",
            "requested": "0.22.3",
            "transitive": [
                "org.jetbrains.kotlinx:kotlinx-coroutines-jdk8",
                "org.jetbrains.kotlinx:kotlinx-coroutines-nio"
            ]
        },
        "org.jetbrains.kotlinx:kotlinx-coroutines-jdk8": {
            "locked": "0.22.3",
            "requested": "0.22.3"
        },
        "org.jetbrains.kotlinx:kotlinx-coroutines-nio": {
            "locked": "0.22.3",
            "requested": "0.22.3"
        },
        "org.jetbrains:annotations": {
            "locked": "13.0",
            "transitive": [
                "org.jetbrains.kotlin:kotlin-stdlib"
            ]
        },
        "org.joml:joml": {
            "locked": "1.9.8",
            "requested": "1.9.8"
        },
        "org.lwjgl:lwjgl": {
            "locked": "3.1.6",
            "requested": "3.1.6",
            "transitive": [
                "org.lwjgl:lwjgl-glfw",
                "org.lwjgl:lwjgl-nanovg",
                "org.lwjgl:lwjgl-nfd",
                "org.lwjgl:lwjgl-opengl"
            ]
        },
        "org.lwjgl:lwjgl-glfw": {
            "locked": "3.1.6",
            "requested": "3.1.6"
        },
        "org.lwjgl:lwjgl-nanovg": {
            "locked": "3.1.6",
            "requested": "3.1.6"
        },
        "org.lwjgl:lwjgl-nfd": {
            "locked": "3.1.6",
            "requested": "3.1.6"
        },
        "org.lwjgl:lwjgl-opengl": {
            "locked": "3.1.6",
            "requested": "3.1.6"
        }
    },
    "testRuntime": {
        "org.jetbrains.kotlin:kotlin-stdlib": {
            "locked": "1.2.21",
            "transitive": [
                "org.jetbrains.kotlinx:kotlinx-coroutines-core",
                "org.jetbrains.kotlinx:kotlinx-coroutines-jdk8",
                "org.jetbrains.kotlinx:kotlinx-coroutines-nio"
            ]
        },
        "org.jetbrains.kotlinx:kotlinx-coroutines-core": {
            "locked": "0.22.3",
            "requested": "0.22.3",
            "transitive": [
                "org.jetbrains.kotlinx:kotlinx-coroutines-jdk8",
                "org.jetbrains.kotlinx:kotlinx-coroutines-nio"
            ]
        },
        "org.jetbrains.kotlinx:kotlinx-coroutines-jdk8": {
            "locked": "0.22.3",
            "requested": "0.22.3"
        },
        "org.jetbrains.kotlinx:kotlinx-coroutines-nio": {
            "locked": "0.22.3",
            "requested": "0.22.3"
        },
        "org.jetbrains:annotations": {
            "locked": "13.0",
            "transitive": [
                "org.jetbrains.kotlin:kotlin-stdlib"
            ]
        },
        "org.joml:joml": {
            "locked": "1.9.8",
            "requested": "1.9.8"
        },
        "org.lwjgl:lwjgl": {
            "locked": "3.1.6",
            "requested": "3.1.6",
            "transitive": [
                "org.lwjgl:lwjgl-glfw",
                "org.lwjgl:lwjgl-nanovg",
                "org.lwjgl:lwjgl-nfd",
                "org.lwjgl:lwjgl-opengl"
            ]
        },
        "org.lwjgl:lwjgl-glfw": {
            "locked": "3.1.6",
            "requested": "3.1.6"
        },
        "org.lwjgl:lwjgl-nanovg": {
            "locked": "3.1.6",
            "requested": "3.1.6"
        },
        "org.lwjgl:lwjgl-nfd": {
            "locked": "3.1.6",
            "requested": "3.1.6"
        },
        "org.lwjgl:lwjgl-opengl": {
            "locked": "3.1.6",
            "requested": "3.1.6"
        }
    },
    "testRuntimeClasspath": {
        "org.jetbrains.kotlin:kotlin-stdlib": {
            "locked": "1.2.21",
            "transitive": [
                "org.jetbrains.kotlinx:kotlinx-coroutines-core",
                "org.jetbrains.kotlinx:kotlinx-coroutines-jdk8",
                "org.jetbrains.kotlinx:kotlinx-coroutines-nio"
            ]
        },
        "org.jetbrains.kotlinx:kotlinx-coroutines-core": {
            "locked": "0.22.3",
            "requested": "0.22.3",
            "transitive": [
                "org.jetbrains.kotlinx:kotlinx-coroutines-jdk8",
                "org.jetbrains.kotlinx:kotlinx-coroutines-nio"
            ]
        },
        "org.jetbrains.kotlinx:kotlinx-coroutines-jdk8": {
            "locked": "0.22.3",
            "requested": "0.22.3"
        },
        "org.jetbrains.kotlinx:kotlinx-coroutines-nio": {
            "locked": "0.22.3",
            "requested": "0.22.3"
        },
        "org.jetbrains:annotations": {
            "locked": "13.0",
            "transitive": [
                "org.jetbrains.kotlin:kotlin-stdlib"
            ]
        },
        "org.joml:joml": {
            "locked": "1.9.8",
            "requested": "1.9.8"
        },
        "org.lwjgl:lwjgl": {
            "locked": "3.1.6",
            "requested": "3.1.6",
            "transitive": [
                "org.lwjgl:lwjgl-glfw",
                "org.lwjgl:lwjgl-nanovg",
                "org.lwjgl:lwjgl-nfd",
                "org.lwjgl:lwjgl-opengl"
            ]
        },
        "org.lwjgl:lwjgl-glfw": {
            "locked": "3.1.6",
            "requested": "3.1.6"
        },
        "org.lwjgl:lwjgl-nanovg": {
            "locked": "3.1.6",
            "requested": "3.1.6"
        },
        "org.lwjgl:lwjgl-nfd": {
            "locked": "3.1.6",
            "requested": "3.1.6"
        },
        "org.lwjgl:lwjgl-opengl": {
            "locked": "3.1.6",
            "requested": "3.1.6"
        }
    }
}